
Microsoft Visual Studio Solution File, Format Version 12.00
# Visual Studio Version 16
VisualStudioVersion = 16.0.31613.86
MinimumVisualStudioVersion = 10.0.40219.1
Project("{888888A0-9F3D-457C-B088-3A5042F75D52}") = "Lab3_1", "Lab3_1.pyproj", "{41F465A3-E41C-4500-A136-AA772EC51B18}"
EndProject
Global
	GlobalSection(SolutionConfigurationPlatforms) = preSolution
		Debug|Any CPU = Debug|Any CPU
		Release|Any CPU = Release|Any CPU
	EndGlobalSection
	GlobalSection(ProjectConfigurationPlatforms) = postSolution
		{41F465A3-E41C-4500-A136-AA772EC51B18}.Debug|Any CPU.ActiveCfg = Debug|Any CPU
		{41F465A3-E41C-4500-A136-AA772EC51B18}.Release|Any CPU.ActiveCfg = Release|Any CPU
	EndGlobalSection
	GlobalSection(SolutionProperties) = preSolution
		HideSolutionNode = FALSE
	EndGlobalSection
	GlobalSection(ExtensibilityGlobals) = postSolution
		SolutionGuid = {271477D8-FE4C-4FCF-9AC8-D6FCB0DC803B}
	EndGlobalSection
EndGlobal
