
Microsoft Visual Studio Solution File, Format Version 12.00
# Visual Studio Version 16
VisualStudioVersion = 16.0.31613.86
MinimumVisualStudioVersion = 10.0.40219.1
Project("{888888A0-9F3D-457C-B088-3A5042F75D52}") = "Lab2_1", "Lab2_1.pyproj", "{A6051B92-D10E-41E1-83EF-047A95F8E8A8}"
EndProject
Global
	GlobalSection(SolutionConfigurationPlatforms) = preSolution
		Debug|Any CPU = Debug|Any CPU
		Release|Any CPU = Release|Any CPU
	EndGlobalSection
	GlobalSection(ProjectConfigurationPlatforms) = postSolution
		{A6051B92-D10E-41E1-83EF-047A95F8E8A8}.Debug|Any CPU.ActiveCfg = Debug|Any CPU
		{A6051B92-D10E-41E1-83EF-047A95F8E8A8}.Release|Any CPU.ActiveCfg = Release|Any CPU
	EndGlobalSection
	GlobalSection(SolutionProperties) = preSolution
		HideSolutionNode = FALSE
	EndGlobalSection
	GlobalSection(ExtensibilityGlobals) = postSolution
		SolutionGuid = {C92B20B4-EEC0-4670-9190-6261B8E931B5}
	EndGlobalSection
EndGlobal
