
Microsoft Visual Studio Solution File, Format Version 12.00
# Visual Studio Version 16
VisualStudioVersion = 16.0.31613.86
MinimumVisualStudioVersion = 10.0.40219.1
Project("{888888A0-9F3D-457C-B088-3A5042F75D52}") = "Lab7", "Lab7.pyproj", "{E82EE6BB-B9EE-4505-AF06-D711E3029E19}"
EndProject
Global
	GlobalSection(SolutionConfigurationPlatforms) = preSolution
		Debug|Any CPU = Debug|Any CPU
		Release|Any CPU = Release|Any CPU
	EndGlobalSection
	GlobalSection(ProjectConfigurationPlatforms) = postSolution
		{E82EE6BB-B9EE-4505-AF06-D711E3029E19}.Debug|Any CPU.ActiveCfg = Debug|Any CPU
		{E82EE6BB-B9EE-4505-AF06-D711E3029E19}.Release|Any CPU.ActiveCfg = Release|Any CPU
	EndGlobalSection
	GlobalSection(SolutionProperties) = preSolution
		HideSolutionNode = FALSE
	EndGlobalSection
	GlobalSection(ExtensibilityGlobals) = postSolution
		SolutionGuid = {3A037F6A-0D75-4CAE-BF41-528CDFB29328}
	EndGlobalSection
EndGlobal
