
Microsoft Visual Studio Solution File, Format Version 12.00
# Visual Studio Version 16
VisualStudioVersion = 16.0.31613.86
MinimumVisualStudioVersion = 10.0.40219.1
Project("{888888A0-9F3D-457C-B088-3A5042F75D52}") = "Lab4_1", "Lab4_1.pyproj", "{69A037C0-0BFE-4916-BB31-B43491F2E900}"
EndProject
Global
	GlobalSection(SolutionConfigurationPlatforms) = preSolution
		Debug|Any CPU = Debug|Any CPU
		Release|Any CPU = Release|Any CPU
	EndGlobalSection
	GlobalSection(ProjectConfigurationPlatforms) = postSolution
		{69A037C0-0BFE-4916-BB31-B43491F2E900}.Debug|Any CPU.ActiveCfg = Debug|Any CPU
		{69A037C0-0BFE-4916-BB31-B43491F2E900}.Release|Any CPU.ActiveCfg = Release|Any CPU
	EndGlobalSection
	GlobalSection(SolutionProperties) = preSolution
		HideSolutionNode = FALSE
	EndGlobalSection
	GlobalSection(ExtensibilityGlobals) = postSolution
		SolutionGuid = {52F44F02-4C30-40EC-A987-A5E8CB07C2A8}
	EndGlobalSection
EndGlobal
