
Microsoft Visual Studio Solution File, Format Version 12.00
# Visual Studio Version 16
VisualStudioVersion = 16.0.31613.86
MinimumVisualStudioVersion = 10.0.40219.1
Project("{888888A0-9F3D-457C-B088-3A5042F75D52}") = "KR1", "KR1.pyproj", "{928B8CE7-E9C2-48A8-98C6-75E249F06A17}"
EndProject
Global
	GlobalSection(SolutionConfigurationPlatforms) = preSolution
		Debug|Any CPU = Debug|Any CPU
		Release|Any CPU = Release|Any CPU
	EndGlobalSection
	GlobalSection(ProjectConfigurationPlatforms) = postSolution
		{928B8CE7-E9C2-48A8-98C6-75E249F06A17}.Debug|Any CPU.ActiveCfg = Debug|Any CPU
		{928B8CE7-E9C2-48A8-98C6-75E249F06A17}.Release|Any CPU.ActiveCfg = Release|Any CPU
	EndGlobalSection
	GlobalSection(SolutionProperties) = preSolution
		HideSolutionNode = FALSE
	EndGlobalSection
	GlobalSection(ExtensibilityGlobals) = postSolution
		SolutionGuid = {44475293-1AB9-45F8-A0B2-253DDC670551}
	EndGlobalSection
EndGlobal
